
Microsoft Visual Studio Solution File, Format Version 12.00
# Visual Studio Version 17
VisualStudioVersion = 17.9.34701.34
MinimumVisualStudioVersion = 10.0.40219.1
Project("{FAE04EC0-301F-11D3-BF4B-00C04F79EFBC}") = "Menu", "Menu\Menu.csproj", "{FEE8B016-8CEC-4056-9D98-1DC9F0BE5E4B}"
EndProject
Global
	GlobalSection(SolutionConfigurationPlatforms) = preSolution
		Debug|Any CPU = Debug|Any CPU
		Release|Any CPU = Release|Any CPU
	EndGlobalSection
	GlobalSection(ProjectConfigurationPlatforms) = postSolution
		{FEE8B016-8CEC-4056-9D98-1DC9F0BE5E4B}.Debug|Any CPU.ActiveCfg = Debug|Any CPU
		{FEE8B016-8CEC-4056-9D98-1DC9F0BE5E4B}.Debug|Any CPU.Build.0 = Debug|Any CPU
		{FEE8B016-8CEC-4056-9D98-1DC9F0BE5E4B}.Release|Any CPU.ActiveCfg = Release|Any CPU
		{FEE8B016-8CEC-4056-9D98-1DC9F0BE5E4B}.Release|Any CPU.Build.0 = Release|Any CPU
	EndGlobalSection
	GlobalSection(SolutionProperties) = preSolution
		HideSolutionNode = FALSE
	EndGlobalSection
	GlobalSection(ExtensibilityGlobals) = postSolution
		SolutionGuid = {1CE54E6F-8106-4033-8F2A-1FB1BEA7F88E}
	EndGlobalSection
EndGlobal
